
Microsoft Visual Studio Solution File, Format Version 12.00
# Visual Studio Version 16
VisualStudioVersion = 16.0.31105.61
MinimumVisualStudioVersion = 10.0.40219.1
Project("{8BC9CEB8-8B4A-11D0-8D11-00A0C91BC942}") = "Magic8", "Magic8\Magic8.vcxproj", "{30617057-F20A-443D-8D09-47C00073773D}"
EndProject
Global
	GlobalSection(SolutionConfigurationPlatforms) = preSolution
		Debug|x64 = Debug|x64
		Debug|x86 = Debug|x86
		Release|x64 = Release|x64
		Release|x86 = Release|x86
	EndGlobalSection
	GlobalSection(ProjectConfigurationPlatforms) = postSolution
		{30617057-F20A-443D-8D09-47C00073773D}.Debug|x64.ActiveCfg = Debug|x64
		{30617057-F20A-443D-8D09-47C00073773D}.Debug|x64.Build.0 = Debug|x64
		{30617057-F20A-443D-8D09-47C00073773D}.Debug|x86.ActiveCfg = Debug|Win32
		{30617057-F20A-443D-8D09-47C00073773D}.Debug|x86.Build.0 = Debug|Win32
		{30617057-F20A-443D-8D09-47C00073773D}.Release|x64.ActiveCfg = Release|x64
		{30617057-F20A-443D-8D09-47C00073773D}.Release|x64.Build.0 = Release|x64
		{30617057-F20A-443D-8D09-47C00073773D}.Release|x86.ActiveCfg = Release|Win32
		{30617057-F20A-443D-8D09-47C00073773D}.Release|x86.Build.0 = Release|Win32
	EndGlobalSection
	GlobalSection(SolutionProperties) = preSolution
		HideSolutionNode = FALSE
	EndGlobalSection
	GlobalSection(ExtensibilityGlobals) = postSolution
		SolutionGuid = {2C1D3587-DA0B-4965-B2A8-B1DF4BB3565B}
	EndGlobalSection
EndGlobal
